
Microsoft Visual Studio Solution File, Format Version 12.00
# Visual Studio 14
VisualStudioVersion = 14.0.25420.1
MinimumVisualStudioVersion = 10.0.40219.1
Project("{FAE04EC0-301F-11D3-BF4B-00C04F79EFBC}") = "PNP", "PNP\PNP.csproj", "{422DEB21-178A-449C-9B03-338916F804F2}"
EndProject
Project("{FAE04EC0-301F-11D3-BF4B-00C04F79EFBC}") = "PNP.Tests", "PNP.Tests\PNP.Tests.csproj", "{C958E9EE-7CFE-4D3F-A3A9-C8CDADF61856}"
EndProject
Project("{FAE04EC0-301F-11D3-BF4B-00C04F79EFBC}") = "Constants", "Constants\Constants.csproj", "{3E5E17A3-45E9-4F55-8858-C88B90D68346}"
EndProject
Project("{2150E333-8FDC-42A3-9474-1A3956D46DE8}") = "Web", "Web", "{70EEDC72-9B81-4D50-9A7A-21C11F7C7C12}"
EndProject
Project("{2150E333-8FDC-42A3-9474-1A3956D46DE8}") = "WebAPI", "WebAPI", "{9714D141-1640-4F25-B755-D35E8B3F33EF}"
EndProject
Project("{2150E333-8FDC-42A3-9474-1A3956D46DE8}") = "Shared", "Shared", "{797BA1B6-6A4D-4592-9087-2D4F60752F1B}"
EndProject
Project("{2150E333-8FDC-42A3-9474-1A3956D46DE8}") = "Documentation", "Documentation", "{215FC787-3174-45B1-A849-B7495F308A8A}"
EndProject
Project("{2150E333-8FDC-42A3-9474-1A3956D46DE8}") = "Tests", "Tests", "{1A879B2B-1462-474A-B54D-C246B4374099}"
EndProject
Project("{FAE04EC0-301F-11D3-BF4B-00C04F79EFBC}") = "PNP.API", "PNP.API\PNP.API.csproj", "{CC534328-C1E9-4623-A339-C59AC4AB2BC4}"
EndProject
Global
	GlobalSection(SolutionConfigurationPlatforms) = preSolution
		Debug|Any CPU = Debug|Any CPU
		Release|Any CPU = Release|Any CPU
	EndGlobalSection
	GlobalSection(ProjectConfigurationPlatforms) = postSolution
		{422DEB21-178A-449C-9B03-338916F804F2}.Debug|Any CPU.ActiveCfg = Debug|Any CPU
		{422DEB21-178A-449C-9B03-338916F804F2}.Debug|Any CPU.Build.0 = Debug|Any CPU
		{422DEB21-178A-449C-9B03-338916F804F2}.Release|Any CPU.ActiveCfg = Release|Any CPU
		{422DEB21-178A-449C-9B03-338916F804F2}.Release|Any CPU.Build.0 = Release|Any CPU
		{C958E9EE-7CFE-4D3F-A3A9-C8CDADF61856}.Debug|Any CPU.ActiveCfg = Debug|Any CPU
		{C958E9EE-7CFE-4D3F-A3A9-C8CDADF61856}.Debug|Any CPU.Build.0 = Debug|Any CPU
		{C958E9EE-7CFE-4D3F-A3A9-C8CDADF61856}.Release|Any CPU.ActiveCfg = Release|Any CPU
		{C958E9EE-7CFE-4D3F-A3A9-C8CDADF61856}.Release|Any CPU.Build.0 = Release|Any CPU
		{3E5E17A3-45E9-4F55-8858-C88B90D68346}.Debug|Any CPU.ActiveCfg = Debug|Any CPU
		{3E5E17A3-45E9-4F55-8858-C88B90D68346}.Debug|Any CPU.Build.0 = Debug|Any CPU
		{3E5E17A3-45E9-4F55-8858-C88B90D68346}.Release|Any CPU.ActiveCfg = Release|Any CPU
		{3E5E17A3-45E9-4F55-8858-C88B90D68346}.Release|Any CPU.Build.0 = Release|Any CPU
		{CC534328-C1E9-4623-A339-C59AC4AB2BC4}.Debug|Any CPU.ActiveCfg = Debug|Any CPU
		{CC534328-C1E9-4623-A339-C59AC4AB2BC4}.Debug|Any CPU.Build.0 = Debug|Any CPU
		{CC534328-C1E9-4623-A339-C59AC4AB2BC4}.Release|Any CPU.ActiveCfg = Release|Any CPU
		{CC534328-C1E9-4623-A339-C59AC4AB2BC4}.Release|Any CPU.Build.0 = Release|Any CPU
	EndGlobalSection
	GlobalSection(SolutionProperties) = preSolution
		HideSolutionNode = FALSE
	EndGlobalSection
	GlobalSection(NestedProjects) = preSolution
		{422DEB21-178A-449C-9B03-338916F804F2} = {70EEDC72-9B81-4D50-9A7A-21C11F7C7C12}
		{C958E9EE-7CFE-4D3F-A3A9-C8CDADF61856} = {1A879B2B-1462-474A-B54D-C246B4374099}
		{3E5E17A3-45E9-4F55-8858-C88B90D68346} = {797BA1B6-6A4D-4592-9087-2D4F60752F1B}
		{CC534328-C1E9-4623-A339-C59AC4AB2BC4} = {9714D141-1640-4F25-B755-D35E8B3F33EF}
	EndGlobalSection
EndGlobal
